
Microsoft Visual Studio Solution File, Format Version 12.00
# Visual Studio Version 16
VisualStudioVersion = 16.0.31205.134
MinimumVisualStudioVersion = 10.0.40219.1
Project("{9A19103F-16F7-4668-BE54-9A1E7A4F7556}") = "Uebung_Taschenrechner", "Uebung_Taschenrechner\Uebung_Taschenrechner.csproj", "{DD624DDF-72D6-402D-A1B1-CBAF4198F959}"
EndProject
Global
	GlobalSection(SolutionConfigurationPlatforms) = preSolution
		Debug|Any CPU = Debug|Any CPU
		Release|Any CPU = Release|Any CPU
	EndGlobalSection
	GlobalSection(ProjectConfigurationPlatforms) = postSolution
		{DD624DDF-72D6-402D-A1B1-CBAF4198F959}.Debug|Any CPU.ActiveCfg = Debug|Any CPU
		{DD624DDF-72D6-402D-A1B1-CBAF4198F959}.Debug|Any CPU.Build.0 = Debug|Any CPU
		{DD624DDF-72D6-402D-A1B1-CBAF4198F959}.Release|Any CPU.ActiveCfg = Release|Any CPU
		{DD624DDF-72D6-402D-A1B1-CBAF4198F959}.Release|Any CPU.Build.0 = Release|Any CPU
	EndGlobalSection
	GlobalSection(SolutionProperties) = preSolution
		HideSolutionNode = FALSE
	EndGlobalSection
	GlobalSection(ExtensibilityGlobals) = postSolution
		SolutionGuid = {98C83269-90E3-4242-AE9C-F341A6C096CA}
	EndGlobalSection
EndGlobal
